<?xml version="1.0" encoding="utf-8"?>
<Project ToolsVersion="4.0" xmlns="http://schemas.microsoft.com/developer/msbuild/2003">
  <ItemGroup>
    <Filter Include="Source Files">
      <UniqueIdentifier>{4FC737F1-C7A5-4376-A066-2A32D752A2FF}</UniqueIdentifier>
      <Extensions>cpp;c;cc;cxx;c++;cppm;ixx;def;odl;idl;hpj;bat;asm;asmx</Extensions>
    </Filter>
    <Filter Include="Header Files">
      <UniqueIdentifier>{93995380-89BD-4b04-88EB-625FBE52EBFB}</UniqueIdentifier>
      <Extensions>h;hh;hpp;hxx;h++;hm;inl;inc;ipp;xsd</Extensions>
    </Filter>
    <Filter Include="Resource Files">
      <UniqueIdentifier>{67DA6AB6-F800-4c08-8B7A-83BB121AAD01}</UniqueIdentifier>
      <Extensions>rc;ico;cur;bmp;dlg;rc2;rct;bin;rgs;gif;jpg;jpeg;jpe;resx;tiff;tif;png;wav;mfcribbon-ms</Extensions>
    </Filter>
    <Filter Include="Header Files\UI">
      <UniqueIdentifier>{fa3102f9-540f-461b-ac64-3742830566ed}</UniqueIdentifier>
    </Filter>
    <Filter Include="Source Files\UI">
      <UniqueIdentifier>{1b7b0ccd-fc0f-4e09-92e3-f613aa2d39aa}</UniqueIdentifier>
    </Filter>
    <Filter Include="Source Files\Core">
      <UniqueIdentifier>{51197f9f-f487-4275-a5b2-bd02077f26a0}</UniqueIdentifier>
    </Filter>
    <Filter Include="Header Files\Core">
      <UniqueIdentifier>{5193cf0a-6c96-42dd-a1ea-ced8df22b760}</UniqueIdentifier>
    </Filter>
    <Filter Include="Source Files\Data Abstractions">
      <UniqueIdentifier>{d1e647fc-91a7-4552-9930-d2921c2b93b9}</UniqueIdentifier>
    </Filter>
    <Filter Include="Header Files\Data Abstractions">
      <UniqueIdentifier>{254d25a0-789d-472c-aad8-079fc3e7a620}</UniqueIdentifier>
    </Filter>
    <Filter Include="Resource Files\Images">
      <UniqueIdentifier>{75ea3a35-b7e8-4c8f-9cf1-99fc27993c8b}</UniqueIdentifier>
    </Filter>
  </ItemGroup>
  <ItemGroup>
    <ClInclude Include="Core\DatabaseWrapper.h">
      <Filter>Header Files\Core</Filter>
    </ClInclude>
    <ClInclude Include="Core\DataProcessor.h">
      <Filter>Header Files\Core</Filter>
    </ClInclude>
    <ClInclude Include="Core\GUIManager.h">
      <Filter>Header Files\Core</Filter>
    </ClInclude>
    <ClInclude Include="Core\StateMachine.h">
      <Filter>Header Files\Core</Filter>
    </ClInclude>
    <ClInclude Include="UI\LandingForm.h">
      <Filter>Header Files\UI</Filter>
    </ClInclude>
    <ClInclude Include="resource.h">
      <Filter>Header Files</Filter>
    </ClInclude>
    <ClInclude Include="UI\LoginForm.h">
      <Filter>Header Files\UI</Filter>
    </ClInclude>
    <ClInclude Include="Core\Constants.h">
      <Filter>Header Files\Core</Filter>
    </ClInclude>
    <ClInclude Include="UI\MainForm.h">
      <Filter>Header Files\UI</Filter>
    </ClInclude>
    <ClInclude Include="Data Abstractions\PerfilPsicologico.h">
      <Filter>Header Files\Data Abstractions</Filter>
    </ClInclude>
    <ClInclude Include="Data Abstractions\Usuario.h">
      <Filter>Header Files\Data Abstractions</Filter>
    </ClInclude>
    <ClInclude Include="Data Abstractions\Entrada.h">
      <Filter>Header Files\Data Abstractions</Filter>
    </ClInclude>
    <ClInclude Include="Data Abstractions\Voluntario.h">
      <Filter>Header Files\Data Abstractions</Filter>
    </ClInclude>
    <ClInclude Include="UI\VisualizationForm.h">
      <Filter>Header Files\UI</Filter>
    </ClInclude>
    <ClInclude Include="UI\NewEntryForm.h">
      <Filter>Header Files\UI</Filter>
    </ClInclude>
    <ClInclude Include="UI\NewProfileForm.h">
      <Filter>Header Files\UI</Filter>
    </ClInclude>
  </ItemGroup>
  <ItemGroup>
    <ClCompile Include="Core\DatabaseWrapper.cpp">
      <Filter>Source Files\Core</Filter>
    </ClCompile>
    <ClCompile Include="Core\DataProcessor.cpp">
      <Filter>Source Files\Core</Filter>
    </ClCompile>
    <ClCompile Include="Core\GUIManager.cpp">
      <Filter>Source Files\Core</Filter>
    </ClCompile>
    <ClCompile Include="Core\StateMachine.cpp">
      <Filter>Source Files\Core</Filter>
    </ClCompile>
    <ClCompile Include="main.cpp">
      <Filter>Source Files</Filter>
    </ClCompile>
    <ClCompile Include="UI\LandingForm.cpp">
      <Filter>Source Files\UI</Filter>
    </ClCompile>
    <ClCompile Include="UI\LoginForm.cpp">
      <Filter>Source Files\UI</Filter>
    </ClCompile>
    <ClCompile Include="UI\MainForm.cpp">
      <Filter>Source Files\UI</Filter>
    </ClCompile>
    <ClCompile Include="Data Abstractions\Entrada.cpp">
      <Filter>Source Files\Data Abstractions</Filter>
    </ClCompile>
    <ClCompile Include="Data Abstractions\PerfilPsicologico.cpp">
      <Filter>Source Files\Data Abstractions</Filter>
    </ClCompile>
    <ClCompile Include="Data Abstractions\Usuario.cpp">
      <Filter>Source Files\Data Abstractions</Filter>
    </ClCompile>
    <ClCompile Include="Data Abstractions\Voluntario.cpp">
      <Filter>Source Files\Data Abstractions</Filter>
    </ClCompile>
    <ClCompile Include="UI\VisualizationForm.cpp">
      <Filter>Source Files\UI</Filter>
    </ClCompile>
    <ClCompile Include="UI\NewEntryForm.cpp">
      <Filter>Source Files\UI</Filter>
    </ClCompile>
    <ClCompile Include="UI\NewProfileForm.cpp">
      <Filter>Source Files\UI</Filter>
    </ClCompile>
  </ItemGroup>
  <ItemGroup>
    <ResourceCompile Include="Administrador de Historias Clinicas.rc">
      <Filter>Resource Files</Filter>
    </ResourceCompile>
  </ItemGroup>
</Project>